
Microsoft Visual Studio Solution File, Format Version 12.00
# Visual Studio Version 17
VisualStudioVersion = 17.13.35818.85 d17.13
MinimumVisualStudioVersion = 10.0.40219.1
Project("{FAE04EC0-301F-11D3-BF4B-00C04F79EFBC}") = "ChatApplication.Producer", "ChatApplication.Producer\ChatApplication.Producer.csproj", "{2EFA5B02-7B12-4B8C-B6A5-2374D0DF1FCE}"
EndProject
Project("{FAE04EC0-301F-11D3-BF4B-00C04F79EFBC}") = "ChatApplication.Consumer", "ChatApplication.Consumer\ChatApplication.Consumer.csproj", "{A955A2A2-2CC3-4237-824B-85B794CE50AA}"
EndProject
Project("{FAE04EC0-301F-11D3-BF4B-00C04F79EFBC}") = "ChatApplication.Shared", "ChatApplication.Entities\ChatApplication.Shared.csproj", "{A2CEF0D4-629D-46C2-93F6-991616F19C63}"
EndProject
Global
	GlobalSection(SolutionConfigurationPlatforms) = preSolution
		Debug|Any CPU = Debug|Any CPU
		Release|Any CPU = Release|Any CPU
	EndGlobalSection
	GlobalSection(ProjectConfigurationPlatforms) = postSolution
		{2EFA5B02-7B12-4B8C-B6A5-2374D0DF1FCE}.Debug|Any CPU.ActiveCfg = Debug|Any CPU
		{2EFA5B02-7B12-4B8C-B6A5-2374D0DF1FCE}.Debug|Any CPU.Build.0 = Debug|Any CPU
		{2EFA5B02-7B12-4B8C-B6A5-2374D0DF1FCE}.Release|Any CPU.ActiveCfg = Release|Any CPU
		{2EFA5B02-7B12-4B8C-B6A5-2374D0DF1FCE}.Release|Any CPU.Build.0 = Release|Any CPU
		{A955A2A2-2CC3-4237-824B-85B794CE50AA}.Debug|Any CPU.ActiveCfg = Debug|Any CPU
		{A955A2A2-2CC3-4237-824B-85B794CE50AA}.Debug|Any CPU.Build.0 = Debug|Any CPU
		{A955A2A2-2CC3-4237-824B-85B794CE50AA}.Release|Any CPU.ActiveCfg = Release|Any CPU
		{A955A2A2-2CC3-4237-824B-85B794CE50AA}.Release|Any CPU.Build.0 = Release|Any CPU
		{A2CEF0D4-629D-46C2-93F6-991616F19C63}.Debug|Any CPU.ActiveCfg = Debug|Any CPU
		{A2CEF0D4-629D-46C2-93F6-991616F19C63}.Debug|Any CPU.Build.0 = Debug|Any CPU
		{A2CEF0D4-629D-46C2-93F6-991616F19C63}.Release|Any CPU.ActiveCfg = Release|Any CPU
		{A2CEF0D4-629D-46C2-93F6-991616F19C63}.Release|Any CPU.Build.0 = Release|Any CPU
	EndGlobalSection
	GlobalSection(SolutionProperties) = preSolution
		HideSolutionNode = FALSE
	EndGlobalSection
	GlobalSection(ExtensibilityGlobals) = postSolution
		SolutionGuid = {6863F0D7-EA2B-4205-B607-76A7AFFC20E9}
	EndGlobalSection
EndGlobal
